
Microsoft Visual Studio Solution File, Format Version 12.00
# Visual Studio 15
VisualStudioVersion = 15.0.26124.0
MinimumVisualStudioVersion = 15.0.26124.0
Project("{FAE04EC0-301F-11D3-BF4B-00C04F79EFBC}") = "WebAPIdemo", "WebAPIdemo\WebAPIdemo.csproj", "{AA2CC8C8-1FBB-4E47-9A70-667CF9AF58DF}"
EndProject
Project("{FAE04EC0-301F-11D3-BF4B-00C04F79EFBC}") = "WebAPIDemo.Tests", "WebAPIDemo.Tests\WebAPIDemo.Tests.csproj", "{EF29BF8C-5CD8-4191-BB05-310C00E3309A}"
EndProject
Global
	GlobalSection(SolutionConfigurationPlatforms) = preSolution
		Debug|Any CPU = Debug|Any CPU
		Debug|x64 = Debug|x64
		Debug|x86 = Debug|x86
		Release|Any CPU = Release|Any CPU
		Release|x64 = Release|x64
		Release|x86 = Release|x86
	EndGlobalSection
	GlobalSection(SolutionProperties) = preSolution
		HideSolutionNode = FALSE
	EndGlobalSection
	GlobalSection(ProjectConfigurationPlatforms) = postSolution
		{AA2CC8C8-1FBB-4E47-9A70-667CF9AF58DF}.Debug|Any CPU.ActiveCfg = Debug|Any CPU
		{AA2CC8C8-1FBB-4E47-9A70-667CF9AF58DF}.Debug|Any CPU.Build.0 = Debug|Any CPU
		{AA2CC8C8-1FBB-4E47-9A70-667CF9AF58DF}.Debug|x64.ActiveCfg = Debug|Any CPU
		{AA2CC8C8-1FBB-4E47-9A70-667CF9AF58DF}.Debug|x64.Build.0 = Debug|Any CPU
		{AA2CC8C8-1FBB-4E47-9A70-667CF9AF58DF}.Debug|x86.ActiveCfg = Debug|Any CPU
		{AA2CC8C8-1FBB-4E47-9A70-667CF9AF58DF}.Debug|x86.Build.0 = Debug|Any CPU
		{AA2CC8C8-1FBB-4E47-9A70-667CF9AF58DF}.Release|Any CPU.ActiveCfg = Release|Any CPU
		{AA2CC8C8-1FBB-4E47-9A70-667CF9AF58DF}.Release|Any CPU.Build.0 = Release|Any CPU
		{AA2CC8C8-1FBB-4E47-9A70-667CF9AF58DF}.Release|x64.ActiveCfg = Release|Any CPU
		{AA2CC8C8-1FBB-4E47-9A70-667CF9AF58DF}.Release|x64.Build.0 = Release|Any CPU
		{AA2CC8C8-1FBB-4E47-9A70-667CF9AF58DF}.Release|x86.ActiveCfg = Release|Any CPU
		{AA2CC8C8-1FBB-4E47-9A70-667CF9AF58DF}.Release|x86.Build.0 = Release|Any CPU
		{EF29BF8C-5CD8-4191-BB05-310C00E3309A}.Debug|Any CPU.ActiveCfg = Debug|Any CPU
		{EF29BF8C-5CD8-4191-BB05-310C00E3309A}.Debug|Any CPU.Build.0 = Debug|Any CPU
		{EF29BF8C-5CD8-4191-BB05-310C00E3309A}.Debug|x64.ActiveCfg = Debug|Any CPU
		{EF29BF8C-5CD8-4191-BB05-310C00E3309A}.Debug|x64.Build.0 = Debug|Any CPU
		{EF29BF8C-5CD8-4191-BB05-310C00E3309A}.Debug|x86.ActiveCfg = Debug|Any CPU
		{EF29BF8C-5CD8-4191-BB05-310C00E3309A}.Debug|x86.Build.0 = Debug|Any CPU
		{EF29BF8C-5CD8-4191-BB05-310C00E3309A}.Release|Any CPU.ActiveCfg = Release|Any CPU
		{EF29BF8C-5CD8-4191-BB05-310C00E3309A}.Release|Any CPU.Build.0 = Release|Any CPU
		{EF29BF8C-5CD8-4191-BB05-310C00E3309A}.Release|x64.ActiveCfg = Release|Any CPU
		{EF29BF8C-5CD8-4191-BB05-310C00E3309A}.Release|x64.Build.0 = Release|Any CPU
		{EF29BF8C-5CD8-4191-BB05-310C00E3309A}.Release|x86.ActiveCfg = Release|Any CPU
		{EF29BF8C-5CD8-4191-BB05-310C00E3309A}.Release|x86.Build.0 = Release|Any CPU
	EndGlobalSection
EndGlobal
